
Microsoft Visual Studio Solution File, Format Version 12.00
# Visual Studio Version 16
VisualStudioVersion = 16.0.33423.256
MinimumVisualStudioVersion = 10.0.40219.1
Project("{FAE04EC0-301F-11D3-BF4B-00C04F79EFBC}") = "PROGIII-TP3", "PROGIII-TP3.csproj", "{0EBF6DED-FCB0-43B5-9F7C-92C849F5EDC6}"
EndProject
Global
	GlobalSection(SolutionConfigurationPlatforms) = preSolution
		Debug|Any CPU = Debug|Any CPU
		Release|Any CPU = Release|Any CPU
	EndGlobalSection
	GlobalSection(ProjectConfigurationPlatforms) = postSolution
		{0EBF6DED-FCB0-43B5-9F7C-92C849F5EDC6}.Debug|Any CPU.ActiveCfg = Debug|Any CPU
		{0EBF6DED-FCB0-43B5-9F7C-92C849F5EDC6}.Debug|Any CPU.Build.0 = Debug|Any CPU
		{0EBF6DED-FCB0-43B5-9F7C-92C849F5EDC6}.Release|Any CPU.ActiveCfg = Release|Any CPU
		{0EBF6DED-FCB0-43B5-9F7C-92C849F5EDC6}.Release|Any CPU.Build.0 = Release|Any CPU
	EndGlobalSection
	GlobalSection(SolutionProperties) = preSolution
		HideSolutionNode = FALSE
	EndGlobalSection
	GlobalSection(ExtensibilityGlobals) = postSolution
		SolutionGuid = {8F182042-F576-4D5F-849F-19B53C005199}
	EndGlobalSection
EndGlobal
